
Microsoft Visual Studio Solution File, Format Version 12.00
# Visual Studio 14
VisualStudioVersion = 14.0.25123.0
MinimumVisualStudioVersion = 10.0.40219.1
Project("{FAE04EC0-301F-11D3-BF4B-00C04F79EFBC}") = "M'Servd", "M'Servd\M'Servd.csproj", "{11DD7E28-741C-4E4F-B757-BB732B95CA25}"
EndProject
Project("{FAE04EC0-301F-11D3-BF4B-00C04F79EFBC}") = "ServerNodeCore", "ServerNodeCore\ServerNodeCore.csproj", "{2D069964-7B16-4263-8052-6F7FDA46B5C3}"
EndProject
Project("{FAE04EC0-301F-11D3-BF4B-00C04F79EFBC}") = "TestNode", "TestNode\TestNode.csproj", "{04E4F993-B8BF-430D-BB60-115D106308B4}"
EndProject
Global
	GlobalSection(SolutionConfigurationPlatforms) = preSolution
		Debug|Any CPU = Debug|Any CPU
		Release|Any CPU = Release|Any CPU
	EndGlobalSection
	GlobalSection(ProjectConfigurationPlatforms) = postSolution
		{11DD7E28-741C-4E4F-B757-BB732B95CA25}.Debug|Any CPU.ActiveCfg = Debug|Any CPU
		{11DD7E28-741C-4E4F-B757-BB732B95CA25}.Debug|Any CPU.Build.0 = Debug|Any CPU
		{11DD7E28-741C-4E4F-B757-BB732B95CA25}.Release|Any CPU.ActiveCfg = Release|Any CPU
		{11DD7E28-741C-4E4F-B757-BB732B95CA25}.Release|Any CPU.Build.0 = Release|Any CPU
		{2D069964-7B16-4263-8052-6F7FDA46B5C3}.Debug|Any CPU.ActiveCfg = Debug|Any CPU
		{2D069964-7B16-4263-8052-6F7FDA46B5C3}.Debug|Any CPU.Build.0 = Debug|Any CPU
		{2D069964-7B16-4263-8052-6F7FDA46B5C3}.Release|Any CPU.ActiveCfg = Release|Any CPU
		{2D069964-7B16-4263-8052-6F7FDA46B5C3}.Release|Any CPU.Build.0 = Release|Any CPU
		{04E4F993-B8BF-430D-BB60-115D106308B4}.Debug|Any CPU.ActiveCfg = Debug|Any CPU
		{04E4F993-B8BF-430D-BB60-115D106308B4}.Debug|Any CPU.Build.0 = Debug|Any CPU
		{04E4F993-B8BF-430D-BB60-115D106308B4}.Release|Any CPU.ActiveCfg = Release|Any CPU
		{04E4F993-B8BF-430D-BB60-115D106308B4}.Release|Any CPU.Build.0 = Release|Any CPU
	EndGlobalSection
	GlobalSection(SolutionProperties) = preSolution
		HideSolutionNode = FALSE
	EndGlobalSection
EndGlobal
